{
    "_readme": [
        "This file locks the dependencies of your project to a known state",
        "Read more about it at https://getcomposer.org/doc/01-basic-usage.md#installing-dependencies",
        "This file is @generated automatically"
    ],
    "content-hash": "9a9801d37537d2238d796a6f725dcceb",
    "packages": [
        {
            "name": "clue/stream-filter",
            "version": "v1.4.1",
            "source": {
                "type": "git",
                "url": "https://github.com/clue/php-stream-filter.git",
                "reference": "5a58cc30a8bd6a4eb8f856adf61dd3e013f53f71"
            },
            "dist": {
                "type": "zip",
                "url": "https://api.github.com/repos/clue/php-stream-filter/zipball/5a58cc30a8bd6a4eb8f856adf61dd3e013f53f71",
                "reference": "5a58cc30a8bd6a4eb8f856adf61dd3e013f53f71",
                "shasum": ""
            },
            "require": {
                "php": ">=5.3"
            },
            "require-dev": {
                "phpunit/phpunit": "^5.0 || ^4.8"
            },
            "type": "library",
            "autoload": {
                "psr-4": {
                    "Clue\\StreamFilter\\": "src/"
                },
                "files": [
                    "src/functions_include.php"
                ]
            },
            "notification-url": "https://packagist.org/downloads/",
            "license": [
                "MIT"
            ],
            "authors": [
                {
                    "name": "Christian Lück",
                    "email": "christian@lueck.tv"
                }
            ],
            "description": "A simple and modern approach to stream filtering in PHP",
            "homepage": "https://github.com/clue/php-stream-filter",
            "keywords": [
                "bucket brigade",
                "callback",
                "filter",
                "php_user_filter",
                "stream",
                "stream_filter_append",
                "stream_filter_register"
            ],
            "time": "2019-04-09T12:31:48+00:00"
        },
        {
            "name": "geo6/geocoder-php-addok-provider",
            "version": "dev-master",
            "source": {
                "type": "git",
                "url": "https://github.com/geo6/geocoder-php-addok-provider.git",
                "reference": "f4434f2d9d32542b7dbc51565da119f2f6786d3f"
            },
            "dist": {
                "type": "zip",
                "url": "https://api.github.com/repos/geo6/geocoder-php-addok-provider/zipball/f4434f2d9d32542b7dbc51565da119f2f6786d3f",
                "reference": "f4434f2d9d32542b7dbc51565da119f2f6786d3f",
                "shasum": ""
            },
            "require": {
                "geocoder-php/common-http": "^4.0",
                "php": "^7.0",
                "willdurand/geocoder": "^4.0"
            },
            "provide": {
                "geocoder-php/provider-implementation": "1.0"
            },
            "require-dev": {
                "geocoder-php/provider-integration-tests": "^1.0",
                "php-http/curl-client": "^1.7 || ^2.0",
                "php-http/message": "^1.0",
                "phpunit/phpunit": "^6.5 || ^7.5"
            },
            "type": "library",
            "autoload": {
                "psr-4": {
                    "Geocoder\\Provider\\Addok\\": ""
                },
                "exclude-from-classmap": [
                    "/Tests/"
                ]
            },
            "notification-url": "https://packagist.org/downloads/",
            "license": [
                "MIT"
            ],
            "authors": [
                {
                    "name": "Jonathan Beliën",
                    "email": "jbe@geo6.be"
                }
            ],
            "description": "Geocoder addok adapter",
            "time": "2020-02-09T15:42:11+00:00"
        },
        {
            "name": "geocoder-php/common-http",
            "version": "4.2.0",
            "source": {
                "type": "git",
                "url": "https://github.com/geocoder-php/php-common-http.git",
                "reference": "8e666f89d0b87121595ec2f5134a9f54bf4b0cd2"
            },
            "dist": {
                "type": "zip",
                "url": "https://api.github.com/repos/geocoder-php/php-common-http/zipball/8e666f89d0b87121595ec2f5134a9f54bf4b0cd2",
                "reference": "8e666f89d0b87121595ec2f5134a9f54bf4b0cd2",
                "shasum": ""
            },
            "require": {
                "php": "^7.0",
                "php-http/client-implementation": "^1.0",
                "php-http/discovery": "^1.4",
                "php-http/httplug": "^1.0 || ^2.0",
                "php-http/message-factory": "^1.0.2",
                "psr/http-message": "^1.0",
                "psr/http-message-implementation": "^1.0",
                "willdurand/geocoder": "^4.0"
            },
            "require-dev": {
                "nyholm/psr7": "^0.2.2",
                "php-http/message": "^1.0",
                "php-http/mock-client": "^1.0",
                "phpunit/phpunit": "6.3.*",
                "symfony/stopwatch": "~2.5"
            },
            "type": "library",
            "extra": {
                "branch-alias": {
                    "dev-master": "4.0-dev"
                }
            },
            "autoload": {
                "psr-4": {
                    "Geocoder\\Http\\": ""
                },
                "exclude-from-classmap": [
                    "/Tests/"
                ]
            },
            "notification-url": "https://packagist.org/downloads/",
            "license": [
                "MIT"
            ],
            "authors": [
                {
                    "name": "Tobias Nyholm",
                    "email": "tobias.nyholm@gmail.com"
                }
            ],
            "description": "Common files for HTTP based Geocoders",
            "homepage": "http://geocoder-php.org",
            "keywords": [
                "http geocoder"
            ],
            "time": "2018-11-15T22:27:27+00:00"
        },
        {
            "name": "geocoder-php/free-geoip-provider",
            "version": "4.2.0",
            "source": {
                "type": "git",
                "url": "https://github.com/geocoder-php/free-geoip-provider.git",
                "reference": "342858fa250e71dd486b47892532c14f39c917cc"
            },
            "dist": {
                "type": "zip",
                "url": "https://api.github.com/repos/geocoder-php/free-geoip-provider/zipball/342858fa250e71dd486b47892532c14f39c917cc",
                "reference": "342858fa250e71dd486b47892532c14f39c917cc",
                "shasum": ""
            },
            "require": {
                "geocoder-php/common-http": "^4.1",
                "php": "^7.0",
                "willdurand/geocoder": "^4.0"
            },
            "provide": {
                "geocoder-php/provider-implementation": "1.0"
            },
            "require-dev": {
                "geocoder-php/provider-integration-tests": "^1.0",
                "php-http/curl-client": "^1.7",
                "php-http/message": "^1.0",
                "phpunit/phpunit": "^6.5 || ^7.5"
            },
            "type": "library",
            "extra": {
                "branch-alias": {
                    "dev-master": "4.0-dev"
                }
            },
            "autoload": {
                "psr-4": {
                    "Geocoder\\Provider\\FreeGeoIp\\": ""
                },
                "exclude-from-classmap": [
                    "/Tests/"
                ]
            },
            "notification-url": "https://packagist.org/downloads/",
            "license": [
                "MIT"
            ],
            "authors": [
                {
                    "name": "William Durand",
                    "email": "william.durand1@gmail.com"
                }
            ],
            "description": "Geocoder FreeGeoIp adapter",
            "homepage": "http://geocoder-php.org/Geocoder/",
            "time": "2019-09-13T07:07:34+00:00"
        },
        {
            "name": "geocoder-php/google-maps-provider",
            "version": "4.4.0",
            "source": {
                "type": "git",
                "url": "https://github.com/geocoder-php/google-maps-provider.git",
                "reference": "307ca3590b67d23d0658808bb3615f2be3154eee"
            },
            "dist": {
                "type": "zip",
                "url": "https://api.github.com/repos/geocoder-php/google-maps-provider/zipball/307ca3590b67d23d0658808bb3615f2be3154eee",
                "reference": "307ca3590b67d23d0658808bb3615f2be3154eee",
                "shasum": ""
            },
            "require": {
                "geocoder-php/common-http": "^4.0",
                "php": "^7.0",
                "willdurand/geocoder": "^4.0"
            },
            "provide": {
                "geocoder-php/provider-implementation": "1.0"
            },
            "require-dev": {
                "geocoder-php/provider-integration-tests": "^1.0",
                "php-http/curl-client": "^1.7",
                "php-http/message": "^1.0",
                "phpunit/phpunit": "^6.5 || ^7.5"
            },
            "type": "library",
            "extra": {
                "branch-alias": {
                    "dev-master": "4.0-dev"
                }
            },
            "autoload": {
                "psr-4": {
                    "Geocoder\\Provider\\GoogleMaps\\": ""
                },
                "exclude-from-classmap": [
                    "/Tests/"
                ]
            },
            "notification-url": "https://packagist.org/downloads/",
            "license": [
                "MIT"
            ],
            "authors": [
                {
                    "name": "William Durand",
                    "email": "william.durand1@gmail.com"
                }
            ],
            "description": "Geocoder GoogleMaps adapter",
            "homepage": "http://geocoder-php.org/Geocoder/",
            "time": "2019-04-26T20:17:17+00:00"
        },
        {
            "name": "geocoder-php/here-provider",
            "version": "dev-master",
            "source": {
                "type": "git",
                "url": "https://github.com/geocoder-php/here-provider.git",
                "reference": "3b9021abb44d1d31bc24778af6781412fb881c42"
            },
            "dist": {
                "type": "zip",
                "url": "https://api.github.com/repos/geocoder-php/here-provider/zipball/3b9021abb44d1d31bc24778af6781412fb881c42",
                "reference": "3b9021abb44d1d31bc24778af6781412fb881c42",
                "shasum": ""
            },
            "require": {
                "geocoder-php/common-http": "^4.0",
                "php": "^7.0",
                "willdurand/geocoder": "^4.0"
            },
            "provide": {
                "geocoder-php/provider-implementation": "1.0"
            },
            "require-dev": {
                "geocoder-php/provider-integration-tests": "^1.1",
                "php-http/curl-client": "^1.7",
                "php-http/message": "^1.0",
                "phpunit/phpunit": "^6.5 || ^7.5"
            },
            "type": "library",
            "extra": {
                "branch-alias": {
                    "dev-master": "1.0-dev"
                }
            },
            "autoload": {
                "psr-4": {
                    "Geocoder\\Provider\\Here\\": ""
                },
                "exclude-from-classmap": [
                    "/Tests/"
                ]
            },
            "notification-url": "https://packagist.org/downloads/",
            "license": [
                "MIT"
            ],
            "authors": [
                {
                    "name": "William Durand",
                    "email": "william.durand1@gmail.com"
                }
            ],
            "description": "Geocoder here adapter",
            "homepage": "http://geocoder-php.org/Geocoder/",
            "time": "2019-08-04T16:36:44+00:00"
        },
        {
            "name": "geocoder-php/mapquest-provider",
            "version": "dev-master",
            "source": {
                "type": "git",
                "url": "https://github.com/geocoder-php/mapquest-provider.git",
                "reference": "92d39fb0e4ab425e37c4f489ecea34168d3b2522"
            },
            "dist": {
                "type": "zip",
                "url": "https://api.github.com/repos/geocoder-php/mapquest-provider/zipball/92d39fb0e4ab425e37c4f489ecea34168d3b2522",
                "reference": "92d39fb0e4ab425e37c4f489ecea34168d3b2522",
                "shasum": ""
            },
            "require": {
                "geocoder-php/common-http": "^4.0",
                "php": "^7.0",
                "willdurand/geocoder": "^4.0"
            },
            "provide": {
                "geocoder-php/provider-implementation": "1.0"
            },
            "require-dev": {
                "geocoder-php/provider-integration-tests": "^1.1",
                "php-http/curl-client": "^1.7",
                "php-http/message": "^1.0",
                "phpunit/phpunit": "^6.5 || ^7.5"
            },
            "type": "library",
            "extra": {
                "branch-alias": {
                    "dev-master": "4.0-dev"
                }
            },
            "autoload": {
                "psr-4": {
                    "Geocoder\\Provider\\MapQuest\\": ""
                },
                "exclude-from-classmap": [
                    "/Tests/"
                ]
            },
            "notification-url": "https://packagist.org/downloads/",
            "license": [
                "MIT"
            ],
            "authors": [
                {
                    "name": "William DURAND",
                    "email": "william.durand1@gmail.com"
                }
            ],
            "description": "Geocoder MapQuest adapter",
            "homepage": "http://geocoder-php.org/Geocoder/",
            "time": "2019-02-06T12:18:09+00:00"
        },
        {
            "name": "geocoder-php/nominatim-provider",
            "version": "5.1.1",
            "source": {
                "type": "git",
                "url": "https://github.com/geocoder-php/nominatim-provider.git",
                "reference": "337ddc834bd955189232c0b38ba89087be148f46"
            },
            "dist": {
                "type": "zip",
                "url": "https://api.github.com/repos/geocoder-php/nominatim-provider/zipball/337ddc834bd955189232c0b38ba89087be148f46",
                "reference": "337ddc834bd955189232c0b38ba89087be148f46",
                "shasum": ""
            },
            "require": {
                "geocoder-php/common-http": "^4.1",
                "php": "^7.0",
                "willdurand/geocoder": "^4.0"
            },
            "provide": {
                "geocoder-php/provider-implementation": "1.0"
            },
            "require-dev": {
                "geocoder-php/provider-integration-tests": "^1.0",
                "php-http/curl-client": "^1.7",
                "php-http/message": "^1.0",
                "phpunit/phpunit": "^6.5 || ^7.5"
            },
            "type": "library",
            "extra": {
                "branch-alias": {
                    "dev-master": "4.0-dev"
                }
            },
            "autoload": {
                "psr-4": {
                    "Geocoder\\Provider\\Nominatim\\": ""
                },
                "exclude-from-classmap": [
                    "/Tests/"
                ]
            },
            "notification-url": "https://packagist.org/downloads/",
            "license": [
                "MIT"
            ],
            "authors": [
                {
                    "name": "William Durand",
                    "email": "william.durand1@gmail.com"
                }
            ],
            "description": "Geocoder Nominatim adapter",
            "homepage": "http://geocoder-php.org/Geocoder/",
            "time": "2019-08-14T07:26:34+00:00"
        },
        {
            "name": "guzzlehttp/guzzle",
            "version": "6.5.x-dev",
            "source": {
                "type": "git",
                "url": "https://github.com/guzzle/guzzle.git",
                "reference": "9d4290de1cfd701f38099ef7e183b64b4b7b0c5e"
            },
            "dist": {
                "type": "zip",
                "url": "https://api.github.com/repos/guzzle/guzzle/zipball/9d4290de1cfd701f38099ef7e183b64b4b7b0c5e",
                "reference": "9d4290de1cfd701f38099ef7e183b64b4b7b0c5e",
                "shasum": ""
            },
            "require": {
                "ext-json": "*",
                "guzzlehttp/promises": "^1.0",
                "guzzlehttp/psr7": "^1.6.1",
                "php": ">=5.5",
                "symfony/polyfill-intl-idn": "^1.17.0"
            },
            "require-dev": {
                "ext-curl": "*",
                "phpunit/phpunit": "^4.8.35 || ^5.7 || ^6.4 || ^7.0",
                "psr/log": "^1.1"
            },
            "suggest": {
                "psr/log": "Required for using the Log middleware"
            },
            "type": "library",
            "extra": {
                "branch-alias": {
                    "dev-master": "6.5-dev"
                }
            },
            "autoload": {
                "psr-4": {
                    "GuzzleHttp\\": "src/"
                },
                "files": [
                    "src/functions_include.php"
                ]
            },
            "notification-url": "https://packagist.org/downloads/",
            "license": [
                "MIT"
            ],
            "authors": [
                {
                    "name": "Michael Dowling",
                    "email": "mtdowling@gmail.com",
                    "homepage": "https://github.com/mtdowling"
                }
            ],
            "description": "Guzzle is a PHP HTTP client library",
            "homepage": "http://guzzlephp.org/",
            "keywords": [
                "client",
                "curl",
                "framework",
                "http",
                "http client",
                "rest",
                "web service"
            ],
            "time": "2020-06-16T21:01:06+00:00"
        },
        {
            "name": "guzzlehttp/promises",
            "version": "dev-master",
            "source": {
                "type": "git",
                "url": "https://github.com/guzzle/promises.git",
                "reference": "bbf3b200bc83c1e9298580a9f99b9be248543467"
            },
            "dist": {
                "type": "zip",
                "url": "https://api.github.com/repos/guzzle/promises/zipball/bbf3b200bc83c1e9298580a9f99b9be248543467",
                "reference": "bbf3b200bc83c1e9298580a9f99b9be248543467",
                "shasum": ""
            },
            "require": {
                "php": ">=5.5"
            },
            "require-dev": {
                "phpunit/phpunit": "^4.8.36 || ^5.7.27 || ^7.5"
            },
            "type": "library",
            "extra": {
                "branch-alias": {
                    "dev-master": "1.3-dev"
                }
            },
            "autoload": {
                "psr-4": {
                    "GuzzleHttp\\Promise\\": "src/"
                },
                "files": [
                    "src/functions_include.php"
                ]
            },
            "notification-url": "https://packagist.org/downloads/",
            "license": [
                "MIT"
            ],
            "authors": [
                {
                    "name": "Michael Dowling",
                    "email": "mtdowling@gmail.com",
                    "homepage": "https://github.com/mtdowling"
                }
            ],
            "description": "Guzzle promises library",
            "keywords": [
                "promise"
            ],
            "time": "2020-06-21T23:10:57+00:00"
        },
        {
            "name": "guzzlehttp/psr7",
            "version": "1.x-dev",
            "source": {
                "type": "git",
                "url": "https://github.com/guzzle/psr7.git",
                "reference": "188cc82398f157483976ccf61bd04ee80afcf29c"
            },
            "dist": {
                "type": "zip",
                "url": "https://api.github.com/repos/guzzle/psr7/zipball/188cc82398f157483976ccf61bd04ee80afcf29c",
                "reference": "188cc82398f157483976ccf61bd04ee80afcf29c",
                "shasum": ""
            },
            "require": {
                "php": ">=5.4.0",
                "psr/http-message": "~1.0",
                "ralouphie/getallheaders": "^2.0.5 || ^3.0.0"
            },
            "provide": {
                "psr/http-message-implementation": "1.0"
            },
            "require-dev": {
                "ext-zlib": "*",
                "phpunit/phpunit": "~4.8.36 || ^5.7.27 || ^6.5.8"
            },
            "suggest": {
                "laminas/laminas-httphandlerrunner": "Emit PSR-7 responses"
            },
            "type": "library",
            "extra": {
                "branch-alias": {
                    "dev-master": "1.6-dev"
                }
            },
            "autoload": {
                "psr-4": {
                    "GuzzleHttp\\Psr7\\": "src/"
                },
                "files": [
                    "src/functions_include.php"
                ]
            },
            "notification-url": "https://packagist.org/downloads/",
            "license": [
                "MIT"
            ],
            "authors": [
                {
                    "name": "Michael Dowling",
                    "email": "mtdowling@gmail.com",
                    "homepage": "https://github.com/mtdowling"
                },
                {
                    "name": "Tobias Schultze",
                    "homepage": "https://github.com/Tobion"
                }
            ],
            "description": "PSR-7 message implementation that also provides common utility methods",
            "keywords": [
                "http",
                "message",
                "psr-7",
                "request",
                "response",
                "stream",
                "uri",
                "url"
            ],
            "time": "2020-05-17T20:05:25+00:00"
        },
        {
            "name": "php-http/discovery",
            "version": "1.8.0",
            "source": {
                "type": "git",
                "url": "https://github.com/php-http/discovery.git",
                "reference": "10d9019f393773345aedc0dc79e7fd678da874ee"
            },
            "dist": {
                "type": "zip",
                "url": "https://api.github.com/repos/php-http/discovery/zipball/10d9019f393773345aedc0dc79e7fd678da874ee",
                "reference": "10d9019f393773345aedc0dc79e7fd678da874ee",
                "shasum": ""
            },
            "require": {
                "php": "^7.1"
            },
            "conflict": {
                "nyholm/psr7": "<1.0"
            },
            "require-dev": {
                "akeneo/phpspec-skip-example-extension": "^4.0",
                "php-http/httplug": "^1.0 || ^2.0",
                "php-http/message-factory": "^1.0",
                "phpspec/phpspec": "^5.1",
                "puli/composer-plugin": "1.0.0-beta10"
            },
            "suggest": {
                "php-http/message": "Allow to use Guzzle, Diactoros or Slim Framework factories",
                "puli/composer-plugin": "Sets up Puli which is recommended for Discovery to work. Check http://docs.php-http.org/en/latest/discovery.html for more details."
            },
            "type": "library",
            "extra": {
                "branch-alias": {
                    "dev-master": "1.7-dev"
                }
            },
            "autoload": {
                "psr-4": {
                    "Http\\Discovery\\": "src/"
                }
            },
            "notification-url": "https://packagist.org/downloads/",
            "license": [
                "MIT"
            ],
            "authors": [
                {
                    "name": "Márk Sági-Kazár",
                    "email": "mark.sagikazar@gmail.com"
                }
            ],
            "description": "Finds installed HTTPlug implementations and PSR-7 message factories",
            "homepage": "http://php-http.org",
            "keywords": [
                "adapter",
                "client",
                "discovery",
                "factory",
                "http",
                "message",
                "psr7"
            ],
            "time": "2020-06-14T10:44:12+00:00"
        },
        {
            "name": "php-http/guzzle6-adapter",
            "version": "v1.1.1",
            "source": {
                "type": "git",
                "url": "https://github.com/php-http/guzzle6-adapter.git",
                "reference": "a56941f9dc6110409cfcddc91546ee97039277ab"
            },
            "dist": {
                "type": "zip",
                "url": "https://api.github.com/repos/php-http/guzzle6-adapter/zipball/a56941f9dc6110409cfcddc91546ee97039277ab",
                "reference": "a56941f9dc6110409cfcddc91546ee97039277ab",
                "shasum": ""
            },
            "require": {
                "guzzlehttp/guzzle": "^6.0",
                "php": ">=5.5.0",
                "php-http/httplug": "^1.0"
            },
            "provide": {
                "php-http/async-client-implementation": "1.0",
                "php-http/client-implementation": "1.0"
            },
            "require-dev": {
                "ext-curl": "*",
                "php-http/adapter-integration-tests": "^0.4"
            },
            "type": "library",
            "extra": {
                "branch-alias": {
                    "dev-master": "1.2-dev"
                }
            },
            "autoload": {
                "psr-4": {
                    "Http\\Adapter\\Guzzle6\\": "src/"
                }
            },
            "notification-url": "https://packagist.org/downloads/",
            "license": [
                "MIT"
            ],
            "authors": [
                {
                    "name": "Márk Sági-Kazár",
                    "email": "mark.sagikazar@gmail.com"
                },
                {
                    "name": "David de Boer",
                    "email": "david@ddeboer.nl"
                }
            ],
            "description": "Guzzle 6 HTTP Adapter",
            "homepage": "http://httplug.io",
            "keywords": [
                "Guzzle",
                "http"
            ],
            "time": "2016-05-10T06:13:32+00:00"
        },
        {
            "name": "php-http/httplug",
            "version": "v1.1.0",
            "source": {
                "type": "git",
                "url": "https://github.com/php-http/httplug.git",
                "reference": "1c6381726c18579c4ca2ef1ec1498fdae8bdf018"
            },
            "dist": {
                "type": "zip",
                "url": "https://api.github.com/repos/php-http/httplug/zipball/1c6381726c18579c4ca2ef1ec1498fdae8bdf018",
                "reference": "1c6381726c18579c4ca2ef1ec1498fdae8bdf018",
                "shasum": ""
            },
            "require": {
                "php": ">=5.4",
                "php-http/promise": "^1.0",
                "psr/http-message": "^1.0"
            },
            "require-dev": {
                "henrikbjorn/phpspec-code-coverage": "^1.0",
                "phpspec/phpspec": "^2.4"
            },
            "type": "library",
            "extra": {
                "branch-alias": {
                    "dev-master": "1.1-dev"
                }
            },
            "autoload": {
                "psr-4": {
                    "Http\\Client\\": "src/"
                }
            },
            "notification-url": "https://packagist.org/downloads/",
            "license": [
                "MIT"
            ],
            "authors": [
                {
                    "name": "Eric GELOEN",
                    "email": "geloen.eric@gmail.com"
                },
                {
                    "name": "Márk Sági-Kazár",
                    "email": "mark.sagikazar@gmail.com"
                }
            ],
            "description": "HTTPlug, the HTTP client abstraction for PHP",
            "homepage": "http://httplug.io",
            "keywords": [
                "client",
                "http"
            ],
            "time": "2016-08-31T08:30:17+00:00"
        },
        {
            "name": "php-http/message",
            "version": "dev-master",
            "source": {
                "type": "git",
                "url": "https://github.com/php-http/message.git",
                "reference": "226ba9f7a4bddb6295b9ccff5a70b54013562ff0"
            },
            "dist": {
                "type": "zip",
                "url": "https://api.github.com/repos/php-http/message/zipball/226ba9f7a4bddb6295b9ccff5a70b54013562ff0",
                "reference": "226ba9f7a4bddb6295b9ccff5a70b54013562ff0",
                "shasum": ""
            },
            "require": {
                "clue/stream-filter": "^1.4.1",
                "php": "^7.1",
                "php-http/message-factory": "^1.0.2",
                "psr/http-message": "^1.0"
            },
            "provide": {
                "php-http/message-factory-implementation": "1.0"
            },
            "require-dev": {
                "akeneo/phpspec-skip-example-extension": "^1.0",
                "coduo/phpspec-data-provider-extension": "^1.0",
                "ergebnis/composer-normalize": "^2.1",
                "ext-zlib": "*",
                "guzzlehttp/psr7": "^1.0",
                "henrikbjorn/phpspec-code-coverage": "^1.0",
                "phpspec/phpspec": "^2.4",
                "slim/slim": "^3.0",
                "zendframework/zend-diactoros": "^1.0"
            },
            "suggest": {
                "ext-zlib": "Used with compressor/decompressor streams",
                "guzzlehttp/psr7": "Used with Guzzle PSR-7 Factories",
                "slim/slim": "Used with Slim Framework PSR-7 implementation",
                "zendframework/zend-diactoros": "Used with Diactoros Factories"
            },
            "type": "library",
            "extra": {
                "branch-alias": {
                    "dev-master": "1.8-dev"
                }
            },
            "autoload": {
                "psr-4": {
                    "Http\\Message\\": "src/"
                },
                "files": [
                    "src/filters.php"
                ]
            },
            "notification-url": "https://packagist.org/downloads/",
            "license": [
                "MIT"
            ],
            "authors": [
                {
                    "name": "Márk Sági-Kazár",
                    "email": "mark.sagikazar@gmail.com"
                }
            ],
            "description": "HTTP Message related tools",
            "homepage": "http://php-http.org",
            "keywords": [
                "http",
                "message",
                "psr-7"
            ],
            "time": "2020-05-14T06:40:00+00:00"
        },
        {
            "name": "php-http/message-factory",
            "version": "dev-master",
            "source": {
                "type": "git",
                "url": "https://github.com/php-http/message-factory.git",
                "reference": "597f30e6dfd32a85fd7dbe58cb47554b5bad910e"
            },
            "dist": {
                "type": "zip",
                "url": "https://api.github.com/repos/php-http/message-factory/zipball/597f30e6dfd32a85fd7dbe58cb47554b5bad910e",
                "reference": "597f30e6dfd32a85fd7dbe58cb47554b5bad910e",
                "shasum": ""
            },
            "require": {
                "php": ">=5.4",
                "psr/http-message": "^1.0"
            },
            "type": "library",
            "extra": {
                "branch-alias": {
                    "dev-master": "1.0-dev"
                }
            },
            "autoload": {
                "psr-4": {
                    "Http\\Message\\": "src/"
                }
            },
            "notification-url": "https://packagist.org/downloads/",
            "license": [
                "MIT"
            ],
            "authors": [
                {
                    "name": "Márk Sági-Kazár",
                    "email": "mark.sagikazar@gmail.com"
                }
            ],
            "description": "Factory interfaces for PSR-7 HTTP Message",
            "homepage": "http://php-http.org",
            "keywords": [
                "factory",
                "http",
                "message",
                "stream",
                "uri"
            ],
            "time": "2018-12-06T18:41:41+00:00"
        },
        {
            "name": "php-http/promise",
            "version": "dev-master",
            "source": {
                "type": "git",
                "url": "https://github.com/php-http/promise.git",
                "reference": "02ee67f2346b4eec3861afec741c656f5ff717ab"
            },
            "dist": {
                "type": "zip",
                "url": "https://api.github.com/repos/php-http/promise/zipball/02ee67f2346b4eec3861afec741c656f5ff717ab",
                "reference": "02ee67f2346b4eec3861afec741c656f5ff717ab",
                "shasum": ""
            },
            "require": {
                "php": "^7.1"
            },
            "require-dev": {
                "henrikbjorn/phpspec-code-coverage": "^1.0",
                "phpspec/phpspec": "^2.4"
            },
            "type": "library",
            "extra": {
                "branch-alias": {
                    "dev-master": "1.1-dev"
                }
            },
            "autoload": {
                "psr-4": {
                    "Http\\Promise\\": "src/"
                }
            },
            "notification-url": "https://packagist.org/downloads/",
            "license": [
                "MIT"
            ],
            "authors": [
                {
                    "name": "Joel Wurtz",
                    "email": "joel.wurtz@gmail.com"
                },
                {
                    "name": "Márk Sági-Kazár",
                    "email": "mark.sagikazar@gmail.com"
                }
            ],
            "description": "Promise used for asynchronous HTTP requests",
            "homepage": "http://httplug.io",
            "keywords": [
                "promise"
            ],
            "time": "2019-12-20T11:48:16+00:00"
        },
        {
            "name": "psr/http-message",
            "version": "dev-master",
            "source": {
                "type": "git",
                "url": "https://github.com/php-fig/http-message.git",
                "reference": "efd67d1dc14a7ef4fc4e518e7dee91c271d524e4"
            },
            "dist": {
                "type": "zip",
                "url": "https://api.github.com/repos/php-fig/http-message/zipball/efd67d1dc14a7ef4fc4e518e7dee91c271d524e4",
                "reference": "efd67d1dc14a7ef4fc4e518e7dee91c271d524e4",
                "shasum": ""
            },
            "require": {
                "php": ">=5.3.0"
            },
            "type": "library",
            "extra": {
                "branch-alias": {
                    "dev-master": "1.0.x-dev"
                }
            },
            "autoload": {
                "psr-4": {
                    "Psr\\Http\\Message\\": "src/"
                }
            },
            "notification-url": "https://packagist.org/downloads/",
            "license": [
                "MIT"
            ],
            "authors": [
                {
                    "name": "PHP-FIG",
                    "homepage": "http://www.php-fig.org/"
                }
            ],
            "description": "Common interface for HTTP messages",
            "homepage": "https://github.com/php-fig/http-message",
            "keywords": [
                "http",
                "http-message",
                "psr",
                "psr-7",
                "request",
                "response"
            ],
            "time": "2019-08-29T13:16:46+00:00"
        },
        {
            "name": "ralouphie/getallheaders",
            "version": "3.0.3",
            "source": {
                "type": "git",
                "url": "https://github.com/ralouphie/getallheaders.git",
                "reference": "120b605dfeb996808c31b6477290a714d356e822"
            },
            "dist": {
                "type": "zip",
                "url": "https://api.github.com/repos/ralouphie/getallheaders/zipball/120b605dfeb996808c31b6477290a714d356e822",
                "reference": "120b605dfeb996808c31b6477290a714d356e822",
                "shasum": ""
            },
            "require": {
                "php": ">=5.6"
            },
            "require-dev": {
                "php-coveralls/php-coveralls": "^2.1",
                "phpunit/phpunit": "^5 || ^6.5"
            },
            "type": "library",
            "autoload": {
                "files": [
                    "src/getallheaders.php"
                ]
            },
            "notification-url": "https://packagist.org/downloads/",
            "license": [
                "MIT"
            ],
            "authors": [
                {
                    "name": "Ralph Khattar",
                    "email": "ralph.khattar@gmail.com"
                }
            ],
            "description": "A polyfill for getallheaders.",
            "time": "2019-03-08T08:55:37+00:00"
        },
        {
            "name": "symfony/polyfill-intl-idn",
            "version": "dev-master",
            "source": {
                "type": "git",
                "url": "https://github.com/symfony/polyfill-intl-idn.git",
                "reference": "a57f8161502549a742a63c09f0a604997bf47027"
            },
            "dist": {
                "type": "zip",
                "url": "https://api.github.com/repos/symfony/polyfill-intl-idn/zipball/a57f8161502549a742a63c09f0a604997bf47027",
                "reference": "a57f8161502549a742a63c09f0a604997bf47027",
                "shasum": ""
            },
            "require": {
                "php": ">=5.3.3",
                "symfony/polyfill-mbstring": "^1.3",
                "symfony/polyfill-php72": "^1.10"
            },
            "suggest": {
                "ext-intl": "For best performance"
            },
            "type": "library",
            "extra": {
                "branch-alias": {
                    "dev-master": "1.17-dev"
                },
                "thanks": {
                    "name": "symfony/polyfill",
                    "url": "https://github.com/symfony/polyfill"
                }
            },
            "autoload": {
                "psr-4": {
                    "Symfony\\Polyfill\\Intl\\Idn\\": ""
                },
                "files": [
                    "bootstrap.php"
                ]
            },
            "notification-url": "https://packagist.org/downloads/",
            "license": [
                "MIT"
            ],
            "authors": [
                {
                    "name": "Laurent Bassin",
                    "email": "laurent@bassin.info"
                },
                {
                    "name": "Symfony Community",
                    "homepage": "https://symfony.com/contributors"
                }
            ],
            "description": "Symfony polyfill for intl's idn_to_ascii and idn_to_utf8 functions",
            "homepage": "https://symfony.com",
            "keywords": [
                "compatibility",
                "idn",
                "intl",
                "polyfill",
                "portable",
                "shim"
            ],
            "time": "2020-06-06T08:46:27+00:00"
        },
        {
            "name": "symfony/polyfill-mbstring",
            "version": "dev-master",
            "source": {
                "type": "git",
                "url": "https://github.com/symfony/polyfill-mbstring.git",
                "reference": "7110338d81ce1cbc3e273136e4574663627037a7"
            },
            "dist": {
                "type": "zip",
                "url": "https://api.github.com/repos/symfony/polyfill-mbstring/zipball/7110338d81ce1cbc3e273136e4574663627037a7",
                "reference": "7110338d81ce1cbc3e273136e4574663627037a7",
                "shasum": ""
            },
            "require": {
                "php": ">=5.3.3"
            },
            "suggest": {
                "ext-mbstring": "For best performance"
            },
            "type": "library",
            "extra": {
                "branch-alias": {
                    "dev-master": "1.17-dev"
                },
                "thanks": {
                    "name": "symfony/polyfill",
                    "url": "https://github.com/symfony/polyfill"
                }
            },
            "autoload": {
                "psr-4": {
                    "Symfony\\Polyfill\\Mbstring\\": ""
                },
                "files": [
                    "bootstrap.php"
                ]
            },
            "notification-url": "https://packagist.org/downloads/",
            "license": [
                "MIT"
            ],
            "authors": [
                {
                    "name": "Nicolas Grekas",
                    "email": "p@tchwork.com"
                },
                {
                    "name": "Symfony Community",
                    "homepage": "https://symfony.com/contributors"
                }
            ],
            "description": "Symfony polyfill for the Mbstring extension",
            "homepage": "https://symfony.com",
            "keywords": [
                "compatibility",
                "mbstring",
                "polyfill",
                "portable",
                "shim"
            ],
            "time": "2020-06-06T08:46:27+00:00"
        },
        {
            "name": "symfony/polyfill-php72",
            "version": "dev-master",
            "source": {
                "type": "git",
                "url": "https://github.com/symfony/polyfill-php72.git",
                "reference": "3d9c70ff1b9f6bb618f9954b2f7f760220c2b38a"
            },
            "dist": {
                "type": "zip",
                "url": "https://api.github.com/repos/symfony/polyfill-php72/zipball/3d9c70ff1b9f6bb618f9954b2f7f760220c2b38a",
                "reference": "3d9c70ff1b9f6bb618f9954b2f7f760220c2b38a",
                "shasum": ""
            },
            "require": {
                "php": ">=5.3.3"
            },
            "type": "library",
            "extra": {
                "branch-alias": {
                    "dev-master": "1.17-dev"
                },
                "thanks": {
                    "name": "symfony/polyfill",
                    "url": "https://github.com/symfony/polyfill"
                }
            },
            "autoload": {
                "psr-4": {
                    "Symfony\\Polyfill\\Php72\\": ""
                },
                "files": [
                    "bootstrap.php"
                ]
            },
            "notification-url": "https://packagist.org/downloads/",
            "license": [
                "MIT"
            ],
            "authors": [
                {
                    "name": "Nicolas Grekas",
                    "email": "p@tchwork.com"
                },
                {
                    "name": "Symfony Community",
                    "homepage": "https://symfony.com/contributors"
                }
            ],
            "description": "Symfony polyfill backporting some PHP 7.2+ features to lower PHP versions",
            "homepage": "https://symfony.com",
            "keywords": [
                "compatibility",
                "polyfill",
                "portable",
                "shim"
            ],
            "time": "2020-06-06T08:46:27+00:00"
        },
        {
            "name": "wikimedia/civicrm-data-table-provider",
            "version": "dev-master",
            "source": {
                "type": "git",
                "url": "https://github.com/eileenmcnaughton/civicrm-data-table-provider.git",
                "reference": "45bb6ee2152b930594203ef637621dc7cc996718"
            },
            "require": {
                "geocoder-php/common-http": "^4",
                "php": ">=7.0",
                "willdurand/geocoder": "^4"
            },
            "provide": {
                "geocoder-php/provider-implementation": "1.0"
            },
            "require-dev": {
                "geocoder-php/provider-integration-tests": "^1.0",
                "nyholm/psr7": "^0.2.2",
                "php-http/curl-client": "^1.7",
                "php-http/message": "^1.0",
                "phpunit/phpunit": "^6.1"
            },
            "type": "library",
            "extra": {
                "branch-alias": {
                    "dev-master": "4.0-dev"
                }
            },
            "autoload": {
                "psr-4": {
                    "Geocoder\\Provider\\DataTable\\": ""
                },
                "exclude-from-classmap": [
                    "/Tests/"
                ]
            },
            "scripts": {
                "test": [
                    "vendor/bin/phpunit"
                ],
                "test-ci": [
                    "vendor/bin/phpunit --coverage-text --coverage-clover=build/coverage.xml"
                ]
            },
            "license": [
                "MIT"
            ],
            "authors": [
                {
                    "name": "Eileen McNaughton",
                    "email": "emcnaughton@wikimedia.org"
                }
            ],
            "description": "CiviCRM datatable geocoder",
            "homepage": "http://geocoder-php.org/Geocoder/",
            "time": "2019-07-31T02:22:21+00:00"
        },
        {
            "name": "willdurand/geocoder",
            "version": "4.2.2",
            "source": {
                "type": "git",
                "url": "https://github.com/geocoder-php/php-common.git",
                "reference": "31bc59626c737871c3d5cc4dc9bc468a7668d0d1"
            },
            "dist": {
                "type": "zip",
                "url": "https://api.github.com/repos/geocoder-php/php-common/zipball/31bc59626c737871c3d5cc4dc9bc468a7668d0d1",
                "reference": "31bc59626c737871c3d5cc4dc9bc468a7668d0d1",
                "shasum": ""
            },
            "require": {
                "php": "^7.0"
            },
            "require-dev": {
                "nyholm/nsa": "^1.1",
                "phpunit/phpunit": "^6.5 || ^7.5",
                "symfony/stopwatch": "~2.5"
            },
            "suggest": {
                "symfony/stopwatch": "If you want to use the TimedGeocoder"
            },
            "type": "library",
            "extra": {
                "branch-alias": {
                    "dev-master": "4.1-dev"
                }
            },
            "autoload": {
                "psr-4": {
                    "Geocoder\\": ""
                },
                "exclude-from-classmap": [
                    "/Tests/"
                ]
            },
            "notification-url": "https://packagist.org/downloads/",
            "license": [
                "MIT"
            ],
            "authors": [
                {
                    "name": "William Durand",
                    "email": "william.durand1@gmail.com"
                }
            ],
            "description": "Common files for PHP Geocoder",
            "homepage": "http://geocoder-php.org",
            "keywords": [
                "abstraction",
                "geocoder",
                "geocoding",
                "geoip"
            ],
            "time": "2020-01-22T09:02:24+00:00"
        }
    ],
    "packages-dev": [],
    "aliases": [],
    "minimum-stability": "dev",
    "stability-flags": {
        "wikimedia/civicrm-data-table-provider": 20,
        "geo6/geocoder-php-addok-provider": 20,
        "geocoder-php/here-provider": 20
    },
    "prefer-stable": false,
    "prefer-lowest": false,
    "platform": [],
    "platform-dev": []
}
