{
    "_readme": [
        "This file locks the dependencies of your project to a known state",
        "Read more about it at https://getcomposer.org/doc/01-basic-usage.md#installing-dependencies",
        "This file is @generated automatically"
    ],
    "content-hash": "076d832a423d4f72a77f0fe225320a59",
    "packages": [
        {
            "name": "clue/stream-filter",
            "version": "1.x-dev",
            "source": {
                "type": "git",
                "url": "https://github.com/clue/stream-filter.git",
                "reference": "8527ee7bff89d310c3c97a35d58e534f2c5e1465"
            },
            "dist": {
                "type": "zip",
                "url": "https://api.github.com/repos/clue/stream-filter/zipball/8527ee7bff89d310c3c97a35d58e534f2c5e1465",
                "reference": "8527ee7bff89d310c3c97a35d58e534f2c5e1465",
                "shasum": ""
            },
            "require": {
                "php": ">=5.3"
            },
            "require-dev": {
                "phpunit/phpunit": "^9.6 || ^5.7 || ^4.8.36"
            },
            "default-branch": true,
            "type": "library",
            "autoload": {
                "files": [
                    "src/functions_include.php"
                ],
                "psr-4": {
                    "Clue\\StreamFilter\\": "src/"
                }
            },
            "notification-url": "https://packagist.org/downloads/",
            "license": [
                "MIT"
            ],
            "authors": [
                {
                    "name": "Christian Lück",
                    "email": "christian@clue.engineering"
                }
            ],
            "description": "A simple and modern approach to stream filtering in PHP",
            "homepage": "https://github.com/clue/stream-filter",
            "keywords": [
                "bucket brigade",
                "callback",
                "filter",
                "php_user_filter",
                "stream",
                "stream_filter_append",
                "stream_filter_register"
            ],
            "support": {
                "issues": "https://github.com/clue/stream-filter/issues",
                "source": "https://github.com/clue/stream-filter/tree/1.x"
            },
            "funding": [
                {
                    "url": "https://clue.engineering/support",
                    "type": "custom"
                },
                {
                    "url": "https://github.com/clue",
                    "type": "github"
                }
            ],
            "time": "2026-01-25T22:53:20+00:00"
        },
        {
            "name": "geo6/geocoder-php-addok-provider",
            "version": "v1.6.0",
            "source": {
                "type": "git",
                "url": "https://github.com/geo6/geocoder-php-addok-provider.git",
                "reference": "ea471a2bfa9c55cfbf077684b5aa58568be2ad5b"
            },
            "dist": {
                "type": "zip",
                "url": "https://api.github.com/repos/geo6/geocoder-php-addok-provider/zipball/ea471a2bfa9c55cfbf077684b5aa58568be2ad5b",
                "reference": "ea471a2bfa9c55cfbf077684b5aa58568be2ad5b",
                "shasum": ""
            },
            "require": {
                "geocoder-php/common-http": "^4.1",
                "php": "^8.0",
                "willdurand/geocoder": "^4.0|^5.0"
            },
            "provide": {
                "geocoder-php/provider-implementation": "1.0"
            },
            "require-dev": {
                "geocoder-php/provider-integration-tests": "^1.0",
                "php-http/curl-client": "^2.0",
                "php-http/message": "^1.0",
                "phpunit/phpunit": "^9.5"
            },
            "type": "library",
            "autoload": {
                "psr-4": {
                    "Geocoder\\Provider\\Addok\\": ""
                },
                "exclude-from-classmap": [
                    "/Tests/"
                ]
            },
            "notification-url": "https://packagist.org/downloads/",
            "license": [
                "MIT"
            ],
            "authors": [
                {
                    "name": "Jonathan Beliën",
                    "email": "jbe@geo6.be"
                }
            ],
            "description": "Geocoder addok adapter",
            "support": {
                "issues": "https://github.com/geo6/geocoder-php-addok-provider/issues",
                "source": "https://github.com/geo6/geocoder-php-addok-provider/tree/v1.6.0"
            },
            "time": "2026-03-16T17:58:29+00:00"
        },
        {
            "name": "geocoder-php/common-http",
            "version": "4.7.0",
            "source": {
                "type": "git",
                "url": "https://github.com/geocoder-php/php-common-http.git",
                "reference": "4209be6c31946ed5a658f6240ab21faaf5413f61"
            },
            "dist": {
                "type": "zip",
                "url": "https://api.github.com/repos/geocoder-php/php-common-http/zipball/4209be6c31946ed5a658f6240ab21faaf5413f61",
                "reference": "4209be6c31946ed5a658f6240ab21faaf5413f61",
                "shasum": ""
            },
            "require": {
                "php": "^8.0",
                "php-http/discovery": "^1.17",
                "psr/http-client-implementation": "^1.0",
                "psr/http-factory-implementation": "^1.0",
                "willdurand/geocoder": "^4.0|^5.0"
            },
            "require-dev": {
                "nyholm/psr7": "^1.0",
                "php-http/message": "^1.0",
                "php-http/mock-client": "^1.0",
                "phpunit/phpunit": "^9.5",
                "symfony/stopwatch": "~2.5 || ~5.0"
            },
            "type": "library",
            "extra": {
                "branch-alias": {
                    "dev-master": "4.0-dev"
                }
            },
            "autoload": {
                "psr-4": {
                    "Geocoder\\Http\\": ""
                },
                "exclude-from-classmap": [
                    "/Tests/"
                ]
            },
            "notification-url": "https://packagist.org/downloads/",
            "license": [
                "MIT"
            ],
            "authors": [
                {
                    "name": "Tobias Nyholm",
                    "email": "tobias.nyholm@gmail.com"
                }
            ],
            "description": "Common files for HTTP based Geocoders",
            "homepage": "http://geocoder-php.org",
            "keywords": [
                "http geocoder"
            ],
            "support": {
                "source": "https://github.com/geocoder-php/php-common-http/tree/4.7.0"
            },
            "time": "2025-04-15T12:38:11+00:00"
        },
        {
            "name": "geocoder-php/free-geoip-provider",
            "version": "4.6.0",
            "source": {
                "type": "git",
                "url": "https://github.com/geocoder-php/free-geoip-provider.git",
                "reference": "5181a785f08948ee651aa759d7cb93fa60776b91"
            },
            "dist": {
                "type": "zip",
                "url": "https://api.github.com/repos/geocoder-php/free-geoip-provider/zipball/5181a785f08948ee651aa759d7cb93fa60776b91",
                "reference": "5181a785f08948ee651aa759d7cb93fa60776b91",
                "shasum": ""
            },
            "require": {
                "geocoder-php/common-http": "^4.1",
                "php": "^8.0",
                "willdurand/geocoder": "^4.0|^5.0"
            },
            "provide": {
                "geocoder-php/provider-implementation": "1.0"
            },
            "require-dev": {
                "geocoder-php/provider-integration-tests": "^1.6.3",
                "php-http/message": "^1.0",
                "phpunit/phpunit": "^9.5"
            },
            "type": "library",
            "extra": {
                "branch-alias": {
                    "dev-master": "4.0-dev"
                }
            },
            "autoload": {
                "psr-4": {
                    "Geocoder\\Provider\\FreeGeoIp\\": ""
                },
                "exclude-from-classmap": [
                    "/Tests/"
                ]
            },
            "notification-url": "https://packagist.org/downloads/",
            "license": [
                "MIT"
            ],
            "authors": [
                {
                    "name": "William Durand",
                    "email": "william.durand1@gmail.com"
                }
            ],
            "description": "Geocoder FreeGeoIp adapter",
            "homepage": "http://geocoder-php.org/Geocoder/",
            "support": {
                "source": "https://github.com/geocoder-php/free-geoip-provider/tree/4.6.0"
            },
            "time": "2025-04-15T13:24:32+00:00"
        },
        {
            "name": "geocoder-php/google-maps-provider",
            "version": "4.8.0",
            "source": {
                "type": "git",
                "url": "https://github.com/geocoder-php/google-maps-provider.git",
                "reference": "587aac3647ebd2ce2090b613fc56c753b9dee9a7"
            },
            "dist": {
                "type": "zip",
                "url": "https://api.github.com/repos/geocoder-php/google-maps-provider/zipball/587aac3647ebd2ce2090b613fc56c753b9dee9a7",
                "reference": "587aac3647ebd2ce2090b613fc56c753b9dee9a7",
                "shasum": ""
            },
            "require": {
                "geocoder-php/common-http": "^4.0",
                "php": "^8.0",
                "willdurand/geocoder": "^4.0|^5.0"
            },
            "provide": {
                "geocoder-php/provider-implementation": "1.0"
            },
            "require-dev": {
                "geocoder-php/provider-integration-tests": "^1.6.3",
                "php-http/message": "^1.0",
                "phpunit/phpunit": "^9.5"
            },
            "type": "library",
            "extra": {
                "branch-alias": {
                    "dev-master": "4.0-dev"
                }
            },
            "autoload": {
                "psr-4": {
                    "Geocoder\\Provider\\GoogleMaps\\": ""
                },
                "exclude-from-classmap": [
                    "/Tests/"
                ]
            },
            "notification-url": "https://packagist.org/downloads/",
            "license": [
                "MIT"
            ],
            "authors": [
                {
                    "name": "William Durand",
                    "email": "william.durand1@gmail.com"
                }
            ],
            "description": "Geocoder GoogleMaps adapter",
            "homepage": "http://geocoder-php.org/Geocoder/",
            "support": {
                "source": "https://github.com/geocoder-php/google-maps-provider/tree/4.8.0"
            },
            "time": "2025-04-15T13:24:32+00:00"
        },
        {
            "name": "geocoder-php/here-provider",
            "version": "0.8.0",
            "source": {
                "type": "git",
                "url": "https://github.com/geocoder-php/here-provider.git",
                "reference": "a5801903fd0ea9a29fd3ba7273dd6e38e275d13c"
            },
            "dist": {
                "type": "zip",
                "url": "https://api.github.com/repos/geocoder-php/here-provider/zipball/a5801903fd0ea9a29fd3ba7273dd6e38e275d13c",
                "reference": "a5801903fd0ea9a29fd3ba7273dd6e38e275d13c",
                "shasum": ""
            },
            "require": {
                "geocoder-php/common-http": "^4.0",
                "php": "^8.0",
                "willdurand/geocoder": "^4.0|^5.0"
            },
            "provide": {
                "geocoder-php/provider-implementation": "1.0"
            },
            "require-dev": {
                "geocoder-php/provider-integration-tests": "^1.6.3",
                "php-http/message": "^1.0",
                "phpunit/phpunit": "^9.5"
            },
            "type": "library",
            "extra": {
                "branch-alias": {
                    "dev-master": "1.0-dev"
                }
            },
            "autoload": {
                "psr-4": {
                    "Geocoder\\Provider\\Here\\": ""
                },
                "exclude-from-classmap": [
                    "/Tests/"
                ]
            },
            "notification-url": "https://packagist.org/downloads/",
            "license": [
                "MIT"
            ],
            "authors": [
                {
                    "name": "William Durand",
                    "email": "william.durand1@gmail.com"
                }
            ],
            "description": "Geocoder here adapter",
            "homepage": "http://geocoder-php.org/Geocoder/",
            "support": {
                "source": "https://github.com/geocoder-php/here-provider/tree/0.8.0"
            },
            "time": "2025-04-15T13:24:32+00:00"
        },
        {
            "name": "geocoder-php/mapquest-provider",
            "version": "4.4.0",
            "source": {
                "type": "git",
                "url": "https://github.com/geocoder-php/mapquest-provider.git",
                "reference": "7d563294dfe1f68d847b08e9c17a13138e2a31ed"
            },
            "dist": {
                "type": "zip",
                "url": "https://api.github.com/repos/geocoder-php/mapquest-provider/zipball/7d563294dfe1f68d847b08e9c17a13138e2a31ed",
                "reference": "7d563294dfe1f68d847b08e9c17a13138e2a31ed",
                "shasum": ""
            },
            "require": {
                "geocoder-php/common-http": "^4.6",
                "php": "^8.0",
                "willdurand/geocoder": "^4.0|^5.0"
            },
            "provide": {
                "geocoder-php/provider-implementation": "1.0"
            },
            "require-dev": {
                "geocoder-php/provider-integration-tests": "^1.6.3",
                "php-http/message": "^1.0",
                "phpunit/phpunit": "^9.5"
            },
            "type": "library",
            "extra": {
                "branch-alias": {
                    "dev-master": "4.0-dev"
                }
            },
            "autoload": {
                "psr-4": {
                    "Geocoder\\Provider\\MapQuest\\": ""
                },
                "exclude-from-classmap": [
                    "/Tests/"
                ]
            },
            "notification-url": "https://packagist.org/downloads/",
            "license": [
                "MIT"
            ],
            "authors": [
                {
                    "name": "William Durand",
                    "email": "william.durand1@gmail.com"
                }
            ],
            "description": "Geocoder MapQuest adapter",
            "homepage": "http://geocoder-php.org/Geocoder/",
            "support": {
                "source": "https://github.com/geocoder-php/mapquest-provider/tree/4.4.0"
            },
            "time": "2025-04-15T13:24:32+00:00"
        },
        {
            "name": "geocoder-php/nominatim-provider",
            "version": "5.8.0",
            "source": {
                "type": "git",
                "url": "https://github.com/geocoder-php/nominatim-provider.git",
                "reference": "1b6852d33e9b558a13d98510fff66e76f4aed9b2"
            },
            "dist": {
                "type": "zip",
                "url": "https://api.github.com/repos/geocoder-php/nominatim-provider/zipball/1b6852d33e9b558a13d98510fff66e76f4aed9b2",
                "reference": "1b6852d33e9b558a13d98510fff66e76f4aed9b2",
                "shasum": ""
            },
            "require": {
                "geocoder-php/common-http": "^4.1",
                "php": "^8.0",
                "willdurand/geocoder": "^4.0|^5.0"
            },
            "provide": {
                "geocoder-php/provider-implementation": "1.0"
            },
            "require-dev": {
                "geocoder-php/provider-integration-tests": "^1.6.3",
                "php-http/message": "^1.0",
                "phpunit/phpunit": "^9.5"
            },
            "type": "library",
            "extra": {
                "branch-alias": {
                    "dev-master": "4.0-dev"
                }
            },
            "autoload": {
                "psr-4": {
                    "Geocoder\\Provider\\Nominatim\\": ""
                },
                "exclude-from-classmap": [
                    "/Tests/"
                ]
            },
            "notification-url": "https://packagist.org/downloads/",
            "license": [
                "MIT"
            ],
            "authors": [
                {
                    "name": "William Durand",
                    "email": "william.durand1@gmail.com"
                }
            ],
            "description": "Geocoder Nominatim adapter",
            "homepage": "http://geocoder-php.org/Geocoder/",
            "support": {
                "source": "https://github.com/geocoder-php/nominatim-provider/tree/5.8.0"
            },
            "time": "2025-04-15T13:24:32+00:00"
        },
        {
            "name": "php-http/discovery",
            "version": "1.x-dev",
            "source": {
                "type": "git",
                "url": "https://github.com/php-http/discovery.git",
                "reference": "82fe4c73ef3363caed49ff8dd1539ba06044910d"
            },
            "dist": {
                "type": "zip",
                "url": "https://api.github.com/repos/php-http/discovery/zipball/82fe4c73ef3363caed49ff8dd1539ba06044910d",
                "reference": "82fe4c73ef3363caed49ff8dd1539ba06044910d",
                "shasum": ""
            },
            "require": {
                "composer-plugin-api": "^1.0|^2.0",
                "php": "^7.1 || ^8.0"
            },
            "conflict": {
                "nyholm/psr7": "<1.0",
                "zendframework/zend-diactoros": "*"
            },
            "provide": {
                "php-http/async-client-implementation": "*",
                "php-http/client-implementation": "*",
                "psr/http-client-implementation": "*",
                "psr/http-factory-implementation": "*",
                "psr/http-message-implementation": "*"
            },
            "require-dev": {
                "composer/composer": "^1.0.2|^2.0",
                "graham-campbell/phpspec-skip-example-extension": "^5.0",
                "php-http/httplug": "^1.0 || ^2.0",
                "php-http/message-factory": "^1.0",
                "phpspec/phpspec": "^5.1 || ^6.1 || ^7.3",
                "sebastian/comparator": "^3.0.5 || ^4.0.8",
                "symfony/phpunit-bridge": "^6.4.4 || ^7.0.1"
            },
            "default-branch": true,
            "type": "composer-plugin",
            "extra": {
                "class": "Http\\Discovery\\Composer\\Plugin",
                "plugin-optional": true
            },
            "autoload": {
                "psr-4": {
                    "Http\\Discovery\\": "src/"
                },
                "exclude-from-classmap": [
                    "src/Composer/Plugin.php"
                ]
            },
            "notification-url": "https://packagist.org/downloads/",
            "license": [
                "MIT"
            ],
            "authors": [
                {
                    "name": "Márk Sági-Kazár",
                    "email": "mark.sagikazar@gmail.com"
                }
            ],
            "description": "Finds and installs PSR-7, PSR-17, PSR-18 and HTTPlug implementations",
            "homepage": "http://php-http.org",
            "keywords": [
                "adapter",
                "client",
                "discovery",
                "factory",
                "http",
                "message",
                "psr17",
                "psr7"
            ],
            "support": {
                "issues": "https://github.com/php-http/discovery/issues",
                "source": "https://github.com/php-http/discovery/tree/1.20.0"
            },
            "time": "2024-10-02T11:20:13+00:00"
        },
        {
            "name": "php-http/message",
            "version": "1.x-dev",
            "source": {
                "type": "git",
                "url": "https://github.com/php-http/message.git",
                "reference": "4ecf21ea277c8a86f8b1ff8dc76fff961411abd3"
            },
            "dist": {
                "type": "zip",
                "url": "https://api.github.com/repos/php-http/message/zipball/4ecf21ea277c8a86f8b1ff8dc76fff961411abd3",
                "reference": "4ecf21ea277c8a86f8b1ff8dc76fff961411abd3",
                "shasum": ""
            },
            "require": {
                "clue/stream-filter": "^1.5",
                "php": "^7.2 || ^8.0",
                "psr/http-message": "^1.1 || ^2.0"
            },
            "provide": {
                "php-http/message-factory-implementation": "1.0"
            },
            "require-dev": {
                "ergebnis/composer-normalize": "^2.6",
                "ext-zlib": "*",
                "guzzlehttp/psr7": "^1.0 || ^2.0",
                "laminas/laminas-diactoros": "^2.0 || ^3.0",
                "php-http/message-factory": "^1.0.2",
                "phpspec/phpspec": "^5.1 || ^6.3 || ^7.1",
                "slim/slim": "^3.0"
            },
            "suggest": {
                "ext-zlib": "Used with compressor/decompressor streams",
                "guzzlehttp/psr7": "Used with Guzzle PSR-7 Factories",
                "laminas/laminas-diactoros": "Used with Diactoros Factories",
                "slim/slim": "Used with Slim Framework PSR-7 implementation"
            },
            "default-branch": true,
            "type": "library",
            "autoload": {
                "files": [
                    "src/filters.php"
                ],
                "psr-4": {
                    "Http\\Message\\": "src/"
                }
            },
            "notification-url": "https://packagist.org/downloads/",
            "license": [
                "MIT"
            ],
            "authors": [
                {
                    "name": "Márk Sági-Kazár",
                    "email": "mark.sagikazar@gmail.com"
                }
            ],
            "description": "HTTP Message related tools",
            "homepage": "http://php-http.org",
            "keywords": [
                "http",
                "message",
                "psr-7"
            ],
            "support": {
                "issues": "https://github.com/php-http/message/issues",
                "source": "https://github.com/php-http/message/tree/1.x"
            },
            "time": "2025-12-10T16:39:46+00:00"
        },
        {
            "name": "psr/http-message",
            "version": "dev-master",
            "source": {
                "type": "git",
                "url": "https://github.com/php-fig/http-message.git",
                "reference": "402d35bcb92c70c026d1a6a9883f06b2ead23d71"
            },
            "dist": {
                "type": "zip",
                "url": "https://api.github.com/repos/php-fig/http-message/zipball/402d35bcb92c70c026d1a6a9883f06b2ead23d71",
                "reference": "402d35bcb92c70c026d1a6a9883f06b2ead23d71",
                "shasum": ""
            },
            "require": {
                "php": "^7.2 || ^8.0"
            },
            "default-branch": true,
            "type": "library",
            "extra": {
                "branch-alias": {
                    "dev-master": "2.0.x-dev"
                }
            },
            "autoload": {
                "psr-4": {
                    "Psr\\Http\\Message\\": "src/"
                }
            },
            "notification-url": "https://packagist.org/downloads/",
            "license": [
                "MIT"
            ],
            "authors": [
                {
                    "name": "PHP-FIG",
                    "homepage": "https://www.php-fig.org/"
                }
            ],
            "description": "Common interface for HTTP messages",
            "homepage": "https://github.com/php-fig/http-message",
            "keywords": [
                "http",
                "http-message",
                "psr",
                "psr-7",
                "request",
                "response"
            ],
            "support": {
                "source": "https://github.com/php-fig/http-message/tree/2.0"
            },
            "time": "2023-04-04T09:54:51+00:00"
        },
        {
            "name": "wikimedia/civicrm-data-table-provider",
            "version": "5.0.3",
            "source": {
                "type": "git",
                "url": "https://github.com/eileenmcnaughton/civicrm-data-table-provider.git",
                "reference": "7f1bf0a7ae5af3c8c9b4cbce03c25f4c69170391"
            },
            "require": {
                "geocoder-php/common-http": "^4.5",
                "php": ">=8.2",
                "willdurand/geocoder": "^4|^5"
            },
            "provide": {
                "geocoder-php/provider-implementation": "1.0"
            },
            "require-dev": {
                "geocoder-php/provider-integration-tests": "^1.6",
                "php-http/curl-client": "^2.2",
                "phpunit/phpunit": "^9.5"
            },
            "type": "library",
            "extra": {
                "branch-alias": {
                    "dev-master": "4.0-dev"
                }
            },
            "autoload": {
                "psr-4": {
                    "Geocoder\\Provider\\DataTable\\": ""
                },
                "exclude-from-classmap": [
                    "/Tests/"
                ]
            },
            "scripts": {
                "test": [
                    "vendor/bin/phpunit"
                ],
                "test-ci": [
                    "vendor/bin/phpunit --coverage-text --coverage-clover=build/coverage.xml"
                ]
            },
            "license": [
                "MIT"
            ],
            "authors": [
                {
                    "name": "Eileen McNaughton",
                    "email": "emcnaughton@wikimedia.org"
                }
            ],
            "description": "CiviCRM datatable geocoder",
            "homepage": "http://geocoder-php.org/Geocoder/",
            "time": "2026-05-27T16:37:54+00:00"
        },
        {
            "name": "willdurand/geocoder",
            "version": "dev-master",
            "source": {
                "type": "git",
                "url": "https://github.com/geocoder-php/php-common.git",
                "reference": "2f231f0a3394e4bc1aa834c37a907732848c3903"
            },
            "dist": {
                "type": "zip",
                "url": "https://api.github.com/repos/geocoder-php/php-common/zipball/2f231f0a3394e4bc1aa834c37a907732848c3903",
                "reference": "2f231f0a3394e4bc1aa834c37a907732848c3903",
                "shasum": ""
            },
            "require": {
                "php": ">=8.2"
            },
            "require-dev": {
                "nyholm/nsa": "^1.1",
                "phpunit/phpunit": "^9.6.11",
                "symfony/stopwatch": "~2.5 || ~5.0 || ~7.0 || ~8.0"
            },
            "suggest": {
                "symfony/stopwatch": "If you want to use the TimedGeocoder"
            },
            "default-branch": true,
            "type": "library",
            "extra": {
                "branch-alias": {
                    "dev-master": "5.1-dev"
                }
            },
            "autoload": {
                "psr-4": {
                    "Geocoder\\": ""
                },
                "exclude-from-classmap": [
                    "/Tests/"
                ]
            },
            "notification-url": "https://packagist.org/downloads/",
            "license": [
                "MIT"
            ],
            "authors": [
                {
                    "name": "William Durand",
                    "email": "william.durand1@gmail.com"
                }
            ],
            "description": "Common files for PHP Geocoder",
            "homepage": "http://geocoder-php.org",
            "keywords": [
                "abstraction",
                "geocoder",
                "geocoding",
                "geoip"
            ],
            "support": {
                "source": "https://github.com/geocoder-php/php-common/tree/master"
            },
            "time": "2025-12-09T20:21:13+00:00"
        }
    ],
    "packages-dev": [],
    "aliases": [],
    "minimum-stability": "dev",
    "stability-flags": {},
    "prefer-stable": false,
    "prefer-lowest": false,
    "platform": {
        "ext-json": "*"
    },
    "platform-dev": {},
    "platform-overrides": {
        "php": "8.2.26"
    },
    "plugin-api-version": "2.9.0"
}
